lockfile_version: '1'
generated_at: '2026-08-26T12:14:56.840470+00:00'
apm_version: 0.28.0
dependencies:
- repo_url: berghtho/cmd-riker
  name: design-council
  host: github.com
  resolved_commit: b9182bd75f6d59b682404160732fc3788c2a8fe5
  resolved_ref: main
  version: unknown
  virtual_path: skills/design-council
  is_virtual: true
  package_type: claude_skill
  deployed_files:
  - .agents/skills/design-council
  - .agents/skills/design-council/SKILL.md
  - .agents/skills/design-council/agents/openai.yaml
  - .agents/skills/design-council/assets/spec-template.md
  - .agents/skills/design-council/evals/evals.json
  - .agents/skills/design-council/references/personas.md
  deployed_file_hashes:
    .agents/skills/design-council/SKILL.md: sha256:dc450dc9eb4c419e5d9be1f470811aadffc2f859652de7652fc73423c26be880
    .agents/skills/design-council/agents/openai.yaml: sha256:8a7d78bac02f917ffe473f6f40f80c3f0554272e3ff5626caa4818ce1de88bfc
    .agents/skills/design-council/assets/spec-template.md: sha256:9392067a1bf84503b54f82d319df4fc6c03067cccbfbda6ee0e1a7501aa518b1
    .agents/skills/design-council/evals/evals.json: sha256:398ce1f158232b2c3e6acf4a0dac4ebe0b7d601f67a02636cef7b5cfab92f1b6
    .agents/skills/design-council/references/personas.md: sha256:a6b537f8da5bd79e9b89adbd538d1749d57dbe1d9d2d86198b8bc6ffd5ab7be5
  content_hash: sha256:5b63fa70331a5441faf85832a69e84d8651d4acfe7181ebfd3472cb62cdbbbd8
- repo_url: mattpocock/skills
  name: mattpocock-skills
  host: github.com
  resolved_commit: 9c9f36ccd3995266cd675468af71639c8dde1ec5
  resolved_ref: main
  version: 1.2.3
  package_type: marketplace_plugin
  deployed_files:
  - .agents/skills/code-review
  - .agents/skills/code-review/SKILL.md
  - .agents/skills/code-review/agents/openai.yaml
  - .agents/skills/codebase-design
  - .agents/skills/codebase-design/DEEPENING.md
  - .agents/skills/codebase-design/DESIGN-IT-TWICE.md
  - .agents/skills/codebase-design/SKILL.md
  - .agents/skills/codebase-design/agents/openai.yaml
  - .agents/skills/diagnosing-bugs
  - .agents/skills/diagnosing-bugs/SKILL.md
  - .agents/skills/diagnosing-bugs/agents/openai.yaml
  - .agents/skills/diagnosing-bugs/scripts/hitl-loop.template.sh
  - .agents/skills/domain-modeling
  - .agents/skills/domain-modeling/ADR-FORMAT.md
  - .agents/skills/domain-modeling/CONTEXT-FORMAT.md
  - .agents/skills/domain-modeling/SKILL.md
  - .agents/skills/domain-modeling/agents/openai.yaml
  - .agents/skills/grilling
  - .agents/skills/grilling/SKILL.md
  - .agents/skills/grilling/agents/openai.yaml
  - .agents/skills/handoff
  - .agents/skills/handoff/SKILL.md
  - .agents/skills/handoff/agents/openai.yaml
  - .agents/skills/improve-codebase-architecture
  - .agents/skills/improve-codebase-architecture/HTML-REPORT.md
  - .agents/skills/improve-codebase-architecture/SKILL.md
  - .agents/skills/improve-codebase-architecture/agents/openai.yaml
  - .agents/skills/prototype
  - .agents/skills/prototype/LOGIC.md
  - .agents/skills/prototype/SKILL.md
  - .agents/skills/prototype/UI.md
  - .agents/skills/prototype/agents/openai.yaml
  - .agents/skills/research
  - .agents/skills/research/SKILL.md
  - .agents/skills/research/agents/openai.yaml
  - .agents/skills/tdd
  - .agents/skills/tdd/SKILL.md
  - .agents/skills/tdd/agents/openai.yaml
  - .agents/skills/tdd/mocking.md
  - .agents/skills/tdd/tests.md
  - .agents/skills/to-questionnaire
  - .agents/skills/to-questionnaire/SKILL.md
  - .agents/skills/to-questionnaire/agents/openai.yaml
  - .agents/skills/to-spec
  - .agents/skills/to-spec/SKILL.md
  - .agents/skills/to-spec/agents/openai.yaml
  - .agents/skills/to-tickets
  - .agents/skills/to-tickets/SKILL.md
  - .agents/skills/to-tickets/agents/openai.yaml
  - .agents/skills/triage
  - .agents/skills/triage/AGENT-BRIEF.md
  - .agents/skills/triage/OUT-OF-SCOPE.md
  - .agents/skills/triage/SKILL.md
  - .agents/skills/triage/agents/openai.yaml
  - .agents/skills/wait-what
  - .agents/skills/wait-what/SKILL.md
  - .agents/skills/wait-what/agents/openai.yaml
  - .agents/skills/wayfinder
  - .agents/skills/wayfinder/SKILL.md
  - .agents/skills/wayfinder/agents/openai.yaml
  - .agents/skills/writing-for-agents
  - .agents/skills/writing-for-agents/SKILL-MECHANICS.md
  - .agents/skills/writing-for-agents/SKILL.md
  - .agents/skills/writing-for-agents/agents/openai.yaml
  deployed_file_hashes:
    .agents/skills/code-review/SKILL.md: sha256:4e8eeefbf3bd32ec2c911ed6c7db103866ce11fedc98b1f8e358d2e1cada3895
    .agents/skills/code-review/agents/openai.yaml: sha256:8229ca854e11dc8e6aef2131ee03f31fb1561cf905fab9ccc325180cf3331352
    .agents/skills/codebase-design/DEEPENING.md: sha256:125e6b77413ad2bc7cf7a772bc74336d580a50f9e797db2178ed133d62333d06
    .agents/skills/codebase-design/DESIGN-IT-TWICE.md: sha256:09f9948ea7636a4d3704c5ab909762e876c0b39849eefb14d2e03a398cc9c7e7
    .agents/skills/codebase-design/SKILL.md: sha256:a8d50abac5a4018f60e1d911d4b6f4e36454ca14d6c390c0695a578c7de65dad
    .agents/skills/codebase-design/agents/openai.yaml: sha256:edebc9e4fcfe102114012575eaa9600b9b5fd08c311664f389c36e7bc717740f
    .agents/skills/diagnosing-bugs/SKILL.md: sha256:573142d28dc5a4d931dd4a6faa3e615e731f8e9cc65d2dd4468045a2efd6148c
    .agents/skills/diagnosing-bugs/agents/openai.yaml: sha256:3e430dbe4334a87597488c060cb3dc3786bb00c9182877d6f5ec41f62490e90b
    .agents/skills/diagnosing-bugs/scripts/hitl-loop.template.sh: sha256:18ae07e1cc49b32c71767e241a6e8de4be74ef21d5e3b7e39034d9c7335f2d80
    .agents/skills/domain-modeling/ADR-FORMAT.md: sha256:f1f36cd3f8d3b6474ddd5855da4e233bfc4ae1a1c5024909ccf11871819a41b2
    .agents/skills/domain-modeling/CONTEXT-FORMAT.md: sha256:b8cc318f2a4285b530e908b6bc43901c3c5cd11100362636bbc4216639bef597
    .agents/skills/domain-modeling/SKILL.md: sha256:9617041db9b0f6606ecf974e2061c83596b05059b5bb20ddb884c60f147c70e9
    .agents/skills/domain-modeling/agents/openai.yaml: sha256:f6bf2aa996c6e6f53fdd0708e18a0d16a56aed8322cca59fedbe3c0d2c75f06b
    .agents/skills/grilling/SKILL.md: sha256:d2498125dd20a0d3a27f03e0ebcc8e681cf42be468e2d3e3c9e8f5dadcae8d47
    .agents/skills/grilling/agents/openai.yaml: sha256:1411d7df7d99b7e621a1ff8283c8133cc2464be63d064e52d8ce169c6800ee9b
    .agents/skills/handoff/SKILL.md: sha256:7c62de979fdc7ac32fb5ddb2146156c917f80ee070d30fadc9d40343c4b6ed25
    .agents/skills/handoff/agents/openai.yaml: sha256:5c479fd562c691851690e8b18c8501045bef0943c10743d636b2fae26add1d28
    .agents/skills/improve-codebase-architecture/HTML-REPORT.md: sha256:0b0936104158abeef7246ff6cbabefa4dc055f17589f2833f2d93001421910a1
    .agents/skills/improve-codebase-architecture/SKILL.md: sha256:387f38d21367761c94d4b4dcea9e9d7d3e31f896c4decebf4984483e42125cfc
    .agents/skills/improve-codebase-architecture/agents/openai.yaml: sha256:c8cb20f68ebf0edb4e497bc11ae5fcaa196004e661cd189015b04f4109ced7f1
    .agents/skills/prototype/LOGIC.md: sha256:5aef84c2ef514dd2a7268433abd3ee8e47b35f42b60e0b5f7430ec4937f4f06a
    .agents/skills/prototype/SKILL.md: sha256:2579ecf89a7fb7e73345117405c7ba9b9fb5ab22a78ecb08b0ce68b73f0148c2
    .agents/skills/prototype/UI.md: sha256:e2ca04434be54acdee2f5df582ef8038fadf582bbcc99be0d2e27737ff8ed096
    .agents/skills/prototype/agents/openai.yaml: sha256:5af65e43ab41a350436697b81e27b7f848d36782043b73c322bb2c9fa9cc55dc
    .agents/skills/research/SKILL.md: sha256:af378829f015775a3bcd65ff466826722e99359017ae6bae227ca4c9bd14049c
    .agents/skills/research/agents/openai.yaml: sha256:9b4c470d63221c1f68f22df70b83e2f12401b317babe0d1b7b5f24a974474d0d
    .agents/skills/tdd/SKILL.md: sha256:6875cbca6b7d17be635dc9b457cc6363125f85cef26f443991b77c7d9eb430d2
    .agents/skills/tdd/agents/openai.yaml: sha256:ea6f01cf1b8c06a4b0f5b649d74b1b8ce8685e72af1b38d70d877693e092af0b
    .agents/skills/tdd/mocking.md: sha256:3ceb807fdf4a47d6a93d4d9a891e5ba6d362a6247bd08adc451feebfc17361ef
    .agents/skills/tdd/tests.md: sha256:859f9e592c188fda4fc7277dd180e4ce9c7a2e13f6efe1f6f29eccc9d28c106a
    .agents/skills/to-questionnaire/SKILL.md: sha256:8e7f9ed8d7b2e66babf1a54aee9b94319bf38c32619cffe78819df6518ead5fc
    .agents/skills/to-questionnaire/agents/openai.yaml: sha256:9e8a06c38c8842eea8d4922cb9d1ead8e3ace647bab259b943c994a1b4742bc2
    .agents/skills/to-spec/SKILL.md: sha256:69ae8bd0ee33d4d350e50eed68f8c958c4b95ffa502ad90e7757e95e7e21419d
    .agents/skills/to-spec/agents/openai.yaml: sha256:1c5b4d1e3d8e52287ef19cc2742fdbbfae1914ac75d33af3e4c8174f08cc55bb
    .agents/skills/to-tickets/SKILL.md: sha256:7d211a9262a741b62c70e06dafb507732f5927cca6839391a4fd9f47ace98984
    .agents/skills/to-tickets/agents/openai.yaml: sha256:21bc6215fffcd7614e9f772bb1760e87cc5fc7dcc707e7d282bc9414267a6090
    .agents/skills/triage/AGENT-BRIEF.md: sha256:5b78d347cc53f6bcf7b875106005ccf5315055fa4cf75eb28d41e96ee426d27b
    .agents/skills/triage/OUT-OF-SCOPE.md: sha256:2526f998fd7ca5e956d3f6f234bcc2431a5971ee769f1148ddc60b92f04d5914
    .agents/skills/triage/SKILL.md: sha256:e52a18163b7b76431393d89c414426b202cacc812f49f95d540d33f2a058dde1
    .agents/skills/triage/agents/openai.yaml: sha256:2e683717720cf456d165d0bb1a68bb600d0b6a8ccb61841c172e50d26f95351c
    .agents/skills/wait-what/SKILL.md: sha256:8923f7df1a0d1b138281658e134caa4bf1c618d2876a2323b19acdfdffebc024
    .agents/skills/wait-what/agents/openai.yaml: sha256:3ec661af8fc7063b650518c95ab775bbeabaefce38b89acaf6da2f749168f37e
    .agents/skills/wayfinder/SKILL.md: sha256:73cc3fc0951b02f028e035e381b69a17e14700b04ecb51fdb0aaf3ce1162b959
    .agents/skills/wayfinder/agents/openai.yaml: sha256:88bc81a11a6d52ac67aeaa76b8b619e387020d47c5133a4dd4927fd15c4ad073
    .agents/skills/writing-for-agents/SKILL-MECHANICS.md: sha256:b4c54a0aaad3f6eddefde6d06770a0e401fbb8fc6a8f49ce18af816bd144d14d
    .agents/skills/writing-for-agents/SKILL.md: sha256:a842323e664e5af104eac5c97ad22fda929ebeb62d81c501161ac1f6f482db58
    .agents/skills/writing-for-agents/agents/openai.yaml: sha256:eacb24b2a618cfb81dacb0416f4fdd75ddf3a8060f8ddb99aae1b1e301907e4b
  content_hash: sha256:88458557e471d93ab50fc619df43f94a46aa60ed50667d95a5950701c7a3ab4a
  skill_subset:
  - code-review
  - codebase-design
  - diagnosing-bugs
  - domain-modeling
  - grilling
  - handoff
  - improve-codebase-architecture
  - prototype
  - research
  - tdd
  - to-questionnaire
  - to-spec
  - to-tickets
  - triage
  - wait-what
  - wayfinder
  - writing-for-agents
  declared_license: MIT
deployments:
- kind: project-relative
  target: agent-skills
  value: .agents/skills/code-review
  runtime: null
  scope: project
  owners:
  - mattpocock/skills
  active_owner: mattpocock/skills
  content_hash: null
- kind: project-relative
  target: agent-skills
  value: .agents/skills/code-review/SKILL.md
  runtime: null
  scope: project
  owners:
  - mattpocock/skills
  active_owner: mattpocock/skills
  content_hash: sha256:4e8eeefbf3bd32ec2c911ed6c7db103866ce11fedc98b1f8e358d2e1cada3895
- kind: project-relative
  target: agent-skills
  value: .agents/skills/code-review/agents/openai.yaml
  runtime: null
  scope: project
  owners:
  - mattpocock/skills
  active_owner: mattpocock/skills
  content_hash: sha256:8229ca854e11dc8e6aef2131ee03f31fb1561cf905fab9ccc325180cf3331352
- kind: project-relative
  target: agent-skills
  value: .agents/skills/codebase-design
  runtime: null
  scope: project
  owners:
  - mattpocock/skills
  active_owner: mattpocock/skills
  content_hash: null
- kind: project-relative
  target: agent-skills
  value: .agents/skills/codebase-design/DEEPENING.md
  runtime: null
  scope: project
  owners:
  - mattpocock/skills
  active_owner: mattpocock/skills
  content_hash: sha256:125e6b77413ad2bc7cf7a772bc74336d580a50f9e797db2178ed133d62333d06
- kind: project-relative
  target: agent-skills
  value: .agents/skills/codebase-design/DESIGN-IT-TWICE.md
  runtime: null
  scope: project
  owners:
  - mattpocock/skills
  active_owner: mattpocock/skills
  content_hash: sha256:09f9948ea7636a4d3704c5ab909762e876c0b39849eefb14d2e03a398cc9c7e7
- kind: project-relative
  target: agent-skills
  value: .agents/skills/codebase-design/SKILL.md
  runtime: null
  scope: project
  owners:
  - mattpocock/skills
  active_owner: mattpocock/skills
  content_hash: sha256:a8d50abac5a4018f60e1d911d4b6f4e36454ca14d6c390c0695a578c7de65dad
- kind: project-relative
  target: agent-skills
  value: .agents/skills/codebase-design/agents/openai.yaml
  runtime: null
  scope: project
  owners:
  - mattpocock/skills
  active_owner: mattpocock/skills
  content_hash: sha256:edebc9e4fcfe102114012575eaa9600b9b5fd08c311664f389c36e7bc717740f
- kind: project-relative
  target: agent-skills
  value: .agents/skills/design-council
  runtime: null
  scope: project
  owners:
  - berghtho/cmd-riker/skills/design-council
  active_owner: berghtho/cmd-riker/skills/design-council
  content_hash: null
- kind: project-relative
  target: agent-skills
  value: .agents/skills/design-council/SKILL.md
  runtime: null
  scope: project
  owners:
  - berghtho/cmd-riker/skills/design-council
  active_owner: berghtho/cmd-riker/skills/design-council
  content_hash: sha256:dc450dc9eb4c419e5d9be1f470811aadffc2f859652de7652fc73423c26be880
- kind: project-relative
  target: agent-skills
  value: .agents/skills/design-council/agents/openai.yaml
  runtime: null
  scope: project
  owners:
  - berghtho/cmd-riker/skills/design-council
  active_owner: berghtho/cmd-riker/skills/design-council
  content_hash: sha256:8a7d78bac02f917ffe473f6f40f80c3f0554272e3ff5626caa4818ce1de88bfc
- kind: project-relative
  target: agent-skills
  value: .agents/skills/design-council/assets/spec-template.md
  runtime: null
  scope: project
  owners:
  - berghtho/cmd-riker/skills/design-council
  active_owner: berghtho/cmd-riker/skills/design-council
  content_hash: sha256:9392067a1bf84503b54f82d319df4fc6c03067cccbfbda6ee0e1a7501aa518b1
- kind: project-relative
  target: agent-skills
  value: .agents/skills/design-council/evals/evals.json
  runtime: null
  scope: project
  owners:
  - berghtho/cmd-riker/skills/design-council
  active_owner: berghtho/cmd-riker/skills/design-council
  content_hash: sha256:398ce1f158232b2c3e6acf4a0dac4ebe0b7d601f67a02636cef7b5cfab92f1b6
- kind: project-relative
  target: agent-skills
  value: .agents/skills/design-council/references/personas.md
  runtime: null
  scope: project
  owners:
  - berghtho/cmd-riker/skills/design-council
  active_owner: berghtho/cmd-riker/skills/design-council
  content_hash: sha256:a6b537f8da5bd79e9b89adbd538d1749d57dbe1d9d2d86198b8bc6ffd5ab7be5
- kind: project-relative
  target: agent-skills
  value: .agents/skills/diagnosing-bugs
  runtime: null
  scope: project
  owners:
  - mattpocock/skills
  active_owner: mattpocock/skills
  content_hash: null
- kind: project-relative
  target: agent-skills
  value: .agents/skills/diagnosing-bugs/SKILL.md
  runtime: null
  scope: project
  owners:
  - mattpocock/skills
  active_owner: mattpocock/skills
  content_hash: sha256:573142d28dc5a4d931dd4a6faa3e615e731f8e9cc65d2dd4468045a2efd6148c
- kind: project-relative
  target: agent-skills
  value: .agents/skills/diagnosing-bugs/agents/openai.yaml
  runtime: null
  scope: project
  owners:
  - mattpocock/skills
  active_owner: mattpocock/skills
  content_hash: sha256:3e430dbe4334a87597488c060cb3dc3786bb00c9182877d6f5ec41f62490e90b
- kind: project-relative
  target: agent-skills
  value: .agents/skills/diagnosing-bugs/scripts/hitl-loop.template.sh
  runtime: null
  scope: project
  owners:
  - mattpocock/skills
  active_owner: mattpocock/skills
  content_hash: sha256:18ae07e1cc49b32c71767e241a6e8de4be74ef21d5e3b7e39034d9c7335f2d80
- kind: project-relative
  target: agent-skills
  value: .agents/skills/domain-modeling
  runtime: null
  scope: project
  owners:
  - mattpocock/skills
  active_owner: mattpocock/skills
  content_hash: null
- kind: project-relative
  target: agent-skills
  value: .agents/skills/domain-modeling/ADR-FORMAT.md
  runtime: null
  scope: project
  owners:
  - mattpocock/skills
  active_owner: mattpocock/skills
  content_hash: sha256:f1f36cd3f8d3b6474ddd5855da4e233bfc4ae1a1c5024909ccf11871819a41b2
- kind: project-relative
  target: agent-skills
  value: .agents/skills/domain-modeling/CONTEXT-FORMAT.md
  runtime: null
  scope: project
  owners:
  - mattpocock/skills
  active_owner: mattpocock/skills
  content_hash: sha256:b8cc318f2a4285b530e908b6bc43901c3c5cd11100362636bbc4216639bef597
- kind: project-relative
  target: agent-skills
  value: .agents/skills/domain-modeling/SKILL.md
  runtime: null
  scope: project
  owners:
  - mattpocock/skills
  active_owner: mattpocock/skills
  content_hash: sha256:9617041db9b0f6606ecf974e2061c83596b05059b5bb20ddb884c60f147c70e9
- kind: project-relative
  target: agent-skills
  value: .agents/skills/domain-modeling/agents/openai.yaml
  runtime: null
  scope: project
  owners:
  - mattpocock/skills
  active_owner: mattpocock/skills
  content_hash: sha256:f6bf2aa996c6e6f53fdd0708e18a0d16a56aed8322cca59fedbe3c0d2c75f06b
- kind: project-relative
  target: agent-skills
  value: .agents/skills/grilling
  runtime: null
  scope: project
  owners:
  - mattpocock/skills
  active_owner: mattpocock/skills
  content_hash: null
- kind: project-relative
  target: agent-skills
  value: .agents/skills/grilling/SKILL.md
  runtime: null
  scope: project
  owners:
  - mattpocock/skills
  active_owner: mattpocock/skills
  content_hash: sha256:d2498125dd20a0d3a27f03e0ebcc8e681cf42be468e2d3e3c9e8f5dadcae8d47
- kind: project-relative
  target: agent-skills
  value: .agents/skills/grilling/agents/openai.yaml
  runtime: null
  scope: project
  owners:
  - mattpocock/skills
  active_owner: mattpocock/skills
  content_hash: sha256:1411d7df7d99b7e621a1ff8283c8133cc2464be63d064e52d8ce169c6800ee9b
- kind: project-relative
  target: agent-skills
  value: .agents/skills/handoff
  runtime: null
  scope: project
  owners:
  - mattpocock/skills
  active_owner: mattpocock/skills
  content_hash: null
- kind: project-relative
  target: agent-skills
  value: .agents/skills/handoff/SKILL.md
  runtime: null
  scope: project
  owners:
  - mattpocock/skills
  active_owner: mattpocock/skills
  content_hash: sha256:7c62de979fdc7ac32fb5ddb2146156c917f80ee070d30fadc9d40343c4b6ed25
- kind: project-relative
  target: agent-skills
  value: .agents/skills/handoff/agents/openai.yaml
  runtime: null
  scope: project
  owners:
  - mattpocock/skills
  active_owner: mattpocock/skills
  content_hash: sha256:5c479fd562c691851690e8b18c8501045bef0943c10743d636b2fae26add1d28
- kind: project-relative
  target: agent-skills
  value: .agents/skills/improve-codebase-architecture
  runtime: null
  scope: project
  owners:
  - mattpocock/skills
  active_owner: mattpocock/skills
  content_hash: null
- kind: project-relative
  target: agent-skills
  value: .agents/skills/improve-codebase-architecture/HTML-REPORT.md
  runtime: null
  scope: project
  owners:
  - mattpocock/skills
  active_owner: mattpocock/skills
  content_hash: sha256:0b0936104158abeef7246ff6cbabefa4dc055f17589f2833f2d93001421910a1
- kind: project-relative
  target: agent-skills
  value: .agents/skills/improve-codebase-architecture/SKILL.md
  runtime: null
  scope: project
  owners:
  - mattpocock/skills
  active_owner: mattpocock/skills
  content_hash: sha256:387f38d21367761c94d4b4dcea9e9d7d3e31f896c4decebf4984483e42125cfc
- kind: project-relative
  target: agent-skills
  value: .agents/skills/improve-codebase-architecture/agents/openai.yaml
  runtime: null
  scope: project
  owners:
  - mattpocock/skills
  active_owner: mattpocock/skills
  content_hash: sha256:c8cb20f68ebf0edb4e497bc11ae5fcaa196004e661cd189015b04f4109ced7f1
- kind: project-relative
  target: agent-skills
  value: .agents/skills/prototype
  runtime: null
  scope: project
  owners:
  - mattpocock/skills
  active_owner: mattpocock/skills
  content_hash: null
- kind: project-relative
  target: agent-skills
  value: .agents/skills/prototype/LOGIC.md
  runtime: null
  scope: project
  owners:
  - mattpocock/skills
  active_owner: mattpocock/skills
  content_hash: sha256:5aef84c2ef514dd2a7268433abd3ee8e47b35f42b60e0b5f7430ec4937f4f06a
- kind: project-relative
  target: agent-skills
  value: .agents/skills/prototype/SKILL.md
  runtime: null
  scope: project
  owners:
  - mattpocock/skills
  active_owner: mattpocock/skills
  content_hash: sha256:2579ecf89a7fb7e73345117405c7ba9b9fb5ab22a78ecb08b0ce68b73f0148c2
- kind: project-relative
  target: agent-skills
  value: .agents/skills/prototype/UI.md
  runtime: null
  scope: project
  owners:
  - mattpocock/skills
  active_owner: mattpocock/skills
  content_hash: sha256:e2ca04434be54acdee2f5df582ef8038fadf582bbcc99be0d2e27737ff8ed096
- kind: project-relative
  target: agent-skills
  value: .agents/skills/prototype/agents/openai.yaml
  runtime: null
  scope: project
  owners:
  - mattpocock/skills
  active_owner: mattpocock/skills
  content_hash: sha256:5af65e43ab41a350436697b81e27b7f848d36782043b73c322bb2c9fa9cc55dc
- kind: project-relative
  target: agent-skills
  value: .agents/skills/research
  runtime: null
  scope: project
  owners:
  - mattpocock/skills
  active_owner: mattpocock/skills
  content_hash: null
- kind: project-relative
  target: agent-skills
  value: .agents/skills/research/SKILL.md
  runtime: null
  scope: project
  owners:
  - mattpocock/skills
  active_owner: mattpocock/skills
  content_hash: sha256:af378829f015775a3bcd65ff466826722e99359017ae6bae227ca4c9bd14049c
- kind: project-relative
  target: agent-skills
  value: .agents/skills/research/agents/openai.yaml
  runtime: null
  scope: project
  owners:
  - mattpocock/skills
  active_owner: mattpocock/skills
  content_hash: sha256:9b4c470d63221c1f68f22df70b83e2f12401b317babe0d1b7b5f24a974474d0d
- kind: project-relative
  target: agent-skills
  value: .agents/skills/tdd
  runtime: null
  scope: project
  owners:
  - mattpocock/skills
  active_owner: mattpocock/skills
  content_hash: null
- kind: project-relative
  target: agent-skills
  value: .agents/skills/tdd/SKILL.md
  runtime: null
  scope: project
  owners:
  - mattpocock/skills
  active_owner: mattpocock/skills
  content_hash: sha256:6875cbca6b7d17be635dc9b457cc6363125f85cef26f443991b77c7d9eb430d2
- kind: project-relative
  target: agent-skills
  value: .agents/skills/tdd/agents/openai.yaml
  runtime: null
  scope: project
  owners:
  - mattpocock/skills
  active_owner: mattpocock/skills
  content_hash: sha256:ea6f01cf1b8c06a4b0f5b649d74b1b8ce8685e72af1b38d70d877693e092af0b
- kind: project-relative
  target: agent-skills
  value: .agents/skills/tdd/mocking.md
  runtime: null
  scope: project
  owners:
  - mattpocock/skills
  active_owner: mattpocock/skills
  content_hash: sha256:3ceb807fdf4a47d6a93d4d9a891e5ba6d362a6247bd08adc451feebfc17361ef
- kind: project-relative
  target: agent-skills
  value: .agents/skills/tdd/tests.md
  runtime: null
  scope: project
  owners:
  - mattpocock/skills
  active_owner: mattpocock/skills
  content_hash: sha256:859f9e592c188fda4fc7277dd180e4ce9c7a2e13f6efe1f6f29eccc9d28c106a
- kind: project-relative
  target: agent-skills
  value: .agents/skills/to-questionnaire
  runtime: null
  scope: project
  owners:
  - mattpocock/skills
  active_owner: mattpocock/skills
  content_hash: null
- kind: project-relative
  target: agent-skills
  value: .agents/skills/to-questionnaire/SKILL.md
  runtime: null
  scope: project
  owners:
  - mattpocock/skills
  active_owner: mattpocock/skills
  content_hash: sha256:8e7f9ed8d7b2e66babf1a54aee9b94319bf38c32619cffe78819df6518ead5fc
- kind: project-relative
  target: agent-skills
  value: .agents/skills/to-questionnaire/agents/openai.yaml
  runtime: null
  scope: project
  owners:
  - mattpocock/skills
  active_owner: mattpocock/skills
  content_hash: sha256:9e8a06c38c8842eea8d4922cb9d1ead8e3ace647bab259b943c994a1b4742bc2
- kind: project-relative
  target: agent-skills
  value: .agents/skills/to-spec
  runtime: null
  scope: project
  owners:
  - mattpocock/skills
  active_owner: mattpocock/skills
  content_hash: null
- kind: project-relative
  target: agent-skills
  value: .agents/skills/to-spec/SKILL.md
  runtime: null
  scope: project
  owners:
  - mattpocock/skills
  active_owner: mattpocock/skills
  content_hash: sha256:69ae8bd0ee33d4d350e50eed68f8c958c4b95ffa502ad90e7757e95e7e21419d
- kind: project-relative
  target: agent-skills
  value: .agents/skills/to-spec/agents/openai.yaml
  runtime: null
  scope: project
  owners:
  - mattpocock/skills
  active_owner: mattpocock/skills
  content_hash: sha256:1c5b4d1e3d8e52287ef19cc2742fdbbfae1914ac75d33af3e4c8174f08cc55bb
- kind: project-relative
  target: agent-skills
  value: .agents/skills/to-tickets
  runtime: null
  scope: project
  owners:
  - mattpocock/skills
  active_owner: mattpocock/skills
  content_hash: null
- kind: project-relative
  target: agent-skills
  value: .agents/skills/to-tickets/SKILL.md
  runtime: null
  scope: project
  owners:
  - mattpocock/skills
  active_owner: mattpocock/skills
  content_hash: sha256:7d211a9262a741b62c70e06dafb507732f5927cca6839391a4fd9f47ace98984
- kind: project-relative
  target: agent-skills
  value: .agents/skills/to-tickets/agents/openai.yaml
  runtime: null
  scope: project
  owners:
  - mattpocock/skills
  active_owner: mattpocock/skills
  content_hash: sha256:21bc6215fffcd7614e9f772bb1760e87cc5fc7dcc707e7d282bc9414267a6090
- kind: project-relative
  target: agent-skills
  value: .agents/skills/triage
  runtime: null
  scope: project
  owners:
  - mattpocock/skills
  active_owner: mattpocock/skills
  content_hash: null
- kind: project-relative
  target: agent-skills
  value: .agents/skills/triage/AGENT-BRIEF.md
  runtime: null
  scope: project
  owners:
  - mattpocock/skills
  active_owner: mattpocock/skills
  content_hash: sha256:5b78d347cc53f6bcf7b875106005ccf5315055fa4cf75eb28d41e96ee426d27b
- kind: project-relative
  target: agent-skills
  value: .agents/skills/triage/OUT-OF-SCOPE.md
  runtime: null
  scope: project
  owners:
  - mattpocock/skills
  active_owner: mattpocock/skills
  content_hash: sha256:2526f998fd7ca5e956d3f6f234bcc2431a5971ee769f1148ddc60b92f04d5914
- kind: project-relative
  target: agent-skills
  value: .agents/skills/triage/SKILL.md
  runtime: null
  scope: project
  owners:
  - mattpocock/skills
  active_owner: mattpocock/skills
  content_hash: sha256:e52a18163b7b76431393d89c414426b202cacc812f49f95d540d33f2a058dde1
- kind: project-relative
  target: agent-skills
  value: .agents/skills/triage/agents/openai.yaml
  runtime: null
  scope: project
  owners:
  - mattpocock/skills
  active_owner: mattpocock/skills
  content_hash: sha256:2e683717720cf456d165d0bb1a68bb600d0b6a8ccb61841c172e50d26f95351c
- kind: project-relative
  target: agent-skills
  value: .agents/skills/wait-what
  runtime: null
  scope: project
  owners:
  - mattpocock/skills
  active_owner: mattpocock/skills
  content_hash: null
- kind: project-relative
  target: agent-skills
  value: .agents/skills/wait-what/SKILL.md
  runtime: null
  scope: project
  owners:
  - mattpocock/skills
  active_owner: mattpocock/skills
  content_hash: sha256:8923f7df1a0d1b138281658e134caa4bf1c618d2876a2323b19acdfdffebc024
- kind: project-relative
  target: agent-skills
  value: .agents/skills/wait-what/agents/openai.yaml
  runtime: null
  scope: project
  owners:
  - mattpocock/skills
  active_owner: mattpocock/skills
  content_hash: sha256:3ec661af8fc7063b650518c95ab775bbeabaefce38b89acaf6da2f749168f37e
- kind: project-relative
  target: agent-skills
  value: .agents/skills/wayfinder
  runtime: null
  scope: project
  owners:
  - mattpocock/skills
  active_owner: mattpocock/skills
  content_hash: null
- kind: project-relative
  target: agent-skills
  value: .agents/skills/wayfinder/SKILL.md
  runtime: null
  scope: project
  owners:
  - mattpocock/skills
  active_owner: mattpocock/skills
  content_hash: sha256:73cc3fc0951b02f028e035e381b69a17e14700b04ecb51fdb0aaf3ce1162b959
- kind: project-relative
  target: agent-skills
  value: .agents/skills/wayfinder/agents/openai.yaml
  runtime: null
  scope: project
  owners:
  - mattpocock/skills
  active_owner: mattpocock/skills
  content_hash: sha256:88bc81a11a6d52ac67aeaa76b8b619e387020d47c5133a4dd4927fd15c4ad073
- kind: project-relative
  target: agent-skills
  value: .agents/skills/writing-for-agents
  runtime: null
  scope: project
  owners:
  - mattpocock/skills
  active_owner: mattpocock/skills
  content_hash: null
- kind: project-relative
  target: agent-skills
  value: .agents/skills/writing-for-agents/SKILL-MECHANICS.md
  runtime: null
  scope: project
  owners:
  - mattpocock/skills
  active_owner: mattpocock/skills
  content_hash: sha256:b4c54a0aaad3f6eddefde6d06770a0e401fbb8fc6a8f49ce18af816bd144d14d
- kind: project-relative
  target: agent-skills
  value: .agents/skills/writing-for-agents/SKILL.md
  runtime: null
  scope: project
  owners:
  - mattpocock/skills
  active_owner: mattpocock/skills
  content_hash: sha256:a842323e664e5af104eac5c97ad22fda929ebeb62d81c501161ac1f6f482db58
- kind: project-relative
  target: agent-skills
  value: .agents/skills/writing-for-agents/agents/openai.yaml
  runtime: null
  scope: project
  owners:
  - mattpocock/skills
  active_owner: mattpocock/skills
  content_hash: sha256:eacb24b2a618cfb81dacb0416f4fdd75ddf3a8060f8ddb99aae1b1e301907e4b
